// !$*UTF8*$!
{
	archiveVersion = 1;
	classes = {
	};
	objectVersion = 46;
	objects = {

/* Begin PBXBuildFile section */
		665996801A7652F300E7FDBD /* main.m in Sources */ = {isa = PBXBuildFile; fileRef = 6659967F1A7652F300E7FDBD /* main.m */; };
		665996831A7652F300E7FDBD /* AppDelegate.m in Sources */ = {isa = PBXBuildFile; fileRef = 665996821A7652F300E7FDBD /* AppDelegate.m */; };
		665996861A7652F300E7FDBD /* ViewController.m in Sources */ = {isa = PBXBuildFile; fileRef = 665996851A7652F300E7FDBD /* ViewController.m */; };
		665996891A7652F300E7FDBD /* Main.storyboard in Resources */ = {isa = PBXBuildFile; fileRef = 665996871A7652F300E7FDBD /* Main.storyboard */; };
		6659968B1A7652F300E7FDBD /* Images.xcassets in Resources */ = {isa = PBXBuildFile; fileRef = 6659968A1A7652F300E7FDBD /* Images.xcassets */; };
		6659968E1A7652F300E7FDBD /* LaunchScreen.xib in Resources */ = {isa = PBXBuildFile; fileRef = 6659968C1A7652F300E7FDBD /* LaunchScreen.xib */; };
		6659969A1A7652F300E7FDBD /* AMPopMenuTests.m in Sources */ = {isa = PBXBuildFile; fileRef = 665996991A7652F300E7FDBD /* AMPopMenuTests.m */; };
		665996A91A7653C700E7FDBD /* AMPopMenu.m in Sources */ = {isa = PBXBuildFile; fileRef = 665996A41A7653C700E7FDBD /* AMPopMenu.m */; };
		665996AA1A7653C700E7FDBD /* AMTableViewCell.m in Sources */ = {isa = PBXBuildFile; fileRef = 665996A61A7653C700E7FDBD /* AMTableViewCell.m */; };
		665996AB1A7653C700E7FDBD /* AMTouchView.m in Sources */ = {isa = PBXBuildFile; fileRef = 665996A81A7653C700E7FDBD /* AMTouchView.m */; };
/* End PBXBuildFile section */

/* Begin PBXContainerItemProxy section */
		665996941A7652F300E7FDBD /* PBXContainerItemProxy */ = {
			isa = PBXContainerItemProxy;
			containerPortal = 665996721A7652F200E7FDBD /* Project object */;
			proxyType = 1;
			remoteGlobalIDString = 665996791A7652F300E7FDBD;
			remoteInfo = AMPopMenu;
		};
/* End PBXContainerItemProxy section */

/* Begin PBXFileReference section */
		6659967A1A7652F300E7FDBD /* AMPopMenu.app */ = {isa = PBXFileReference; explicitFileType = wrapper.application; includeInIndex = 0; path = AMPopMenu.app; sourceTree = BUILT_PRODUCTS_DIR; };
		6659967E1A7652F300E7FDBD /* Info.plist */ = {isa = PBXFileReference; lastKnownFileType = text.plist.xml; path = Info.plist; sourceTree = "<group>"; };
		6659967F1A7652F300E7FDBD /* main.m */ = {isa = PBXFileReference; lastKnownFileType = sourcecode.c.objc; path = main.m; sourceTree = "<group>"; };
		665996811A7652F300E7FDBD /* AppDelegate.h */ = {isa = PBXFileReference; lastKnownFileType = sourcecode.c.h; path = AppDelegate.h; sourceTree = "<group>"; };
		665996821A7652F300E7FDBD /* AppDelegate.m */ = {isa = PBXFileReference; lastKnownFileType = sourcecode.c.objc; path = AppDelegate.m; sourceTree = "<group>"; };
		665996841A7652F300E7FDBD /* ViewController.h */ = {isa = PBXFileReference; lastKnownFileType = sourcecode.c.h; path = ViewController.h; sourceTree = "<group>"; };
		665996851A7652F300E7FDBD /* ViewController.m */ = {isa = PBXFileReference; lastKnownFileType = sourcecode.c.objc; path = ViewController.m; sourceTree = "<group>"; };
		665996881A7652F300E7FDBD /* Base */ = {isa = PBXFileReference; lastKnownFileType = file.storyboard; name = Base; path = Base.lproj/Main.storyboard; sourceTree = "<group>"; };
		6659968A1A7652F300E7FDBD /* Images.xcassets */ = {isa = PBXFileReference; lastKnownFileType = folder.assetcatalog; path = Images.xcassets; sourceTree = "<group>"; };
		6659968D1A7652F300E7FDBD /* Base */ = {isa = PBXFileReference; lastKnownFileType = file.xib; name = Base; path = Base.lproj/LaunchScreen.xib; sourceTree = "<group>"; };
		665996931A7652F300E7FDBD /* AMPopMenuTests.xctest */ = {isa = PBXFileReference; explicitFileType = wrapper.cfbundle; includeInIndex = 0; path = AMPopMenuTests.xctest; sourceTree = BUILT_PRODUCTS_DIR; };
		665996981A7652F300E7FDBD /* Info.plist */ = {isa = PBXFileReference; lastKnownFileType = text.plist.xml; path = Info.plist; sourceTree = "<group>"; };
		665996991A7652F300E7FDBD /* AMPopMenuTests.m */ = {isa = PBXFileReference; lastKnownFileType = sourcecode.c.objc; path = AMPopMenuTests.m; sourceTree = "<group>"; };
		665996A31A7653C700E7FDBD /* AMPopMenu.h */ = {isa = PBXFileReference; fileEncoding = 4; lastKnownFileType = sourcecode.c.h; path = AMPopMenu.h; sourceTree = "<group>"; };
		665996A41A7653C700E7FDBD /* AMPopMenu.m */ = {isa = PBXFileReference; fileEncoding = 4; lastKnownFileType = sourcecode.c.objc; path = AMPopMenu.m; sourceTree = "<group>"; };
		665996A51A7653C700E7FDBD /* AMTableViewCell.h */ = {isa = PBXFileReference; fileEncoding = 4; lastKnownFileType = sourcecode.c.h; path = AMTableViewCell.h; sourceTree = "<group>"; };
		665996A61A7653C700E7FDBD /* AMTableViewCell.m */ = {isa = PBXFileReference; fileEncoding = 4; lastKnownFileType = sourcecode.c.objc; path = AMTableViewCell.m; sourceTree = "<group>"; };
		665996A71A7653C700E7FDBD /* AMTouchView.h */ = {isa = PBXFileReference; fileEncoding = 4; lastKnownFileType = sourcecode.c.h; path = AMTouchView.h; sourceTree = "<group>"; };
		665996A81A7653C700E7FDBD /* AMTouchView.m */ = {isa = PBXFileReference; fileEncoding = 4; lastKnownFileType = sourcecode.c.objc; path = AMTouchView.m; sourceTree = "<group>"; };
/* End PBXFileReference section */

/* Begin PBXFrameworksBuildPhase section */
		665996771A7652F300E7FDBD /* Frameworks */ = {
			isa = PBXFrameworksBuildPhase;
			buildActionMask = 2147483647;
			files = (
			);
			runOnlyForDeploymentPostprocessing = 0;
		};
		665996901A7652F300E7FDBD /* Frameworks */ = {
			isa = PBXFrameworksBuildPhase;
			buildActionMask = 2147483647;
			files = (
			);
			runOnlyForDeploymentPostprocessing = 0;
		};
/* End PBXFrameworksBuildPhase section */

/* Begin PBXGroup section */
		665996711A7652F200E7FDBD = {
			isa = PBXGroup;
			children = (
				6659967C1A7652F300E7FDBD /* AMPopMenu */,
				665996961A7652F300E7FDBD /* AMPopMenuTests */,
				6659967B1A7652F300E7FDBD /* Products */,
			);
			sourceTree = "<group>";
		};
		6659967B1A7652F300E7FDBD /* Products */ = {
			isa = PBXGroup;
			children = (
				6659967A1A7652F300E7FDBD /* AMPopMenu.app */,
				665996931A7652F300E7FDBD /* AMPopMenuTests.xctest */,
			);
			name = Products;
			sourceTree = "<group>";
		};
		6659967C1A7652F300E7FDBD /* AMPopMenu */ = {
			isa = PBXGroup;
			children = (
				665996AC1A7653CD00E7FDBD /* AMPopMenu */,
				665996811A7652F300E7FDBD /* AppDelegate.h */,
				665996821A7652F300E7FDBD /* AppDelegate.m */,
				665996841A7652F300E7FDBD /* ViewController.h */,
				665996851A7652F300E7FDBD /* ViewController.m */,
				665996871A7652F300E7FDBD /* Main.storyboard */,
				6659968A1A7652F300E7FDBD /* Images.xcassets */,
				6659968C1A7652F300E7FDBD /* LaunchScreen.xib */,
				6659967D1A7652F300E7FDBD /* Supporting Files */,
			);
			path = AMPopMenu;
			sourceTree = "<group>";
		};
		6659967D1A7652F300E7FDBD /* Supporting Files */ = {
			isa = PBXGroup;
			children = (
				6659967E1A7652F300E7FDBD /* Info.plist */,
				6659967F1A7652F300E7FDBD /* main.m */,
			);
			name = "Supporting Files";
			sourceTree = "<group>";
		};
		665996961A7652F300E7FDBD /* AMPopMenuTests */ = {
			isa = PBXGroup;
			children = (
				665996991A7652F300E7FDBD /* AMPopMenuTests.m */,
				665996971A7652F300E7FDBD /* Supporting Files */,
			);
			path = AMPopMenuTests;
			sourceTree = "<group>";
		};
		665996971A7652F300E7FDBD /* Supporting Files */ = {
			isa = PBXGroup;
			children = (
				665996981A7652F300E7FDBD /* Info.plist */,
			);
			name = "Supporting Files";
			sourceTree = "<group>";
		};
		665996AC1A7653CD00E7FDBD /* AMPopMenu */ = {
			isa = PBXGroup;
			children = (
				665996A31A7653C700E7FDBD /* AMPopMenu.h */,
				665996A41A7653C700E7FDBD /* AMPopMenu.m */,
				665996A51A7653C700E7FDBD /* AMTableViewCell.h */,
				665996A61A7653C700E7FDBD /* AMTableViewCell.m */,
				665996A71A7653C700E7FDBD /* AMTouchView.h */,
				665996A81A7653C700E7FDBD /* AMTouchView.m */,
			);
			name = AMPopMenu;
			sourceTree = "<group>";
		};
/* End PBXGroup section */

/* Begin PBXNativeTarget section */
		665996791A7652F300E7FDBD /* AMPopMenu */ = {
			isa = PBXNativeTarget;
			buildConfigurationList = 6659969D1A7652F300E7FDBD /* Build configuration list for PBXNativeTarget "AMPopMenu" */;
			buildPhases = (
				665996761A7652F300E7FDBD /* Sources */,
				665996771A7652F300E7FDBD /* Frameworks */,
				665996781A7652F300E7FDBD /* Resources */,
			);
			buildRules = (
			);
			dependencies = (
			);
			name = AMPopMenu;
			productName = AMPopMenu;
			productReference = 6659967A1A7652F300E7FDBD /* AMPopMenu.app */;
			productType = "com.apple.product-type.application";
		};
		665996921A7652F300E7FDBD /* AMPopMenuTests */ = {
			isa = PBXNativeTarget;
			buildConfigurationList = 665996A01A7652F300E7FDBD /* Build configuration list for PBXNativeTarget "AMPopMenuTests" */;
			buildPhases = (
				6659968F1A7652F300E7FDBD /* Sources */,
				665996901A7652F300E7FDBD /* Frameworks */,
				665996911A7652F300E7FDBD /* Resources */,
			);
			buildRules = (
			);
			dependencies = (
				665996951A7652F300E7FDBD /* PBXTargetDependency */,
			);
			name = AMPopMenuTests;
			productName = AMPopMenuTests;
			productReference = 665996931A7652F300E7FDBD /* AMPopMenuTests.xctest */;
			productType = "com.apple.product-type.bundle.unit-test";
		};
/* End PBXNativeTarget section */

/* Begin PBXProject section */
		665996721A7652F200E7FDBD /* Project object */ = {
			isa = PBXProject;
			attributes = {
				LastUpgradeCheck = 0610;
				ORGANIZATIONNAME = donbe;
				TargetAttributes = {
					665996791A7652F300E7FDBD = {
						CreatedOnToolsVersion = 6.1;
					};
					665996921A7652F300E7FDBD = {
						CreatedOnToolsVersion = 6.1;
						TestTargetID = 665996791A7652F300E7FDBD;
					};
				};
			};
			buildConfigurationList = 665996751A7652F200E7FDBD /* Build configuration list for PBXProject "AMPopMenu" */;
			compatibilityVersion = "Xcode 3.2";
			developmentRegion = English;
			hasScannedForEncodings = 0;
			knownRegions = (
				en,
				Base,
			);
			mainGroup = 665996711A7652F200E7FDBD;
			productRefGroup = 6659967B1A7652F300E7FDBD /* Products */;
			projectDirPath = "";
			projectRoot = "";
			targets = (
				665996791A7652F300E7FDBD /* AMPopMenu */,
				665996921A7652F300E7FDBD /* AMPopMenuTests */,
			);
		};
/* End PBXProject section */

/* Begin PBXResourcesBuildPhase section */
		665996781A7652F300E7FDBD /* Resources */ = {
			isa = PBXResourcesBuildPhase;
			buildActionMask = 2147483647;
			files = (
				665996891A7652F300E7FDBD /* Main.storyboard in Resources */,
				6659968E1A7652F300E7FDBD /* LaunchScreen.xib in Resources */,
				6659968B1A7652F300E7FDBD /* Images.xcassets in Resources */,
			);
			runOnlyForDeploymentPostprocessing = 0;
		};
		665996911A7652F300E7FDBD /* Resources */ = {
			isa = PBXResourcesBuildPhase;
			buildActionMask = 2147483647;
			files = (
			);
			runOnlyForDeploymentPostprocessing = 0;
		};
/* End PBXResourcesBuildPhase section */

/* Begin PBXSourcesBuildPhase section */
		665996761A7652F300E7FDBD /* Sources */ = {
			isa = PBXSourcesBuildPhase;
			buildActionMask = 2147483647;
			files = (
				665996A91A7653C700E7FDBD /* AMPopMenu.m in Sources */,
				665996861A7652F300E7FDBD /* ViewController.m in Sources */,
				665996AB1A7653C700E7FDBD /* AMTouchView.m in Sources */,
				665996831A7652F300E7FDBD /* AppDelegate.m in Sources */,
				665996AA1A7653C700E7FDBD /* AMTableViewCell.m in Sources */,
				665996801A7652F300E7FDBD /* main.m in Sources */,
			);
			runOnlyForDeploymentPostprocessing = 0;
		};
		6659968F1A7652F300E7FDBD /* Sources */ = {
			isa = PBXSourcesBuildPhase;
			buildActionMask = 2147483647;
			files = (
				6659969A1A7652F300E7FDBD /* AMPopMenuTests.m in Sources */,
			);
			runOnlyForDeploymentPostprocessing = 0;
		};
/* End PBXSourcesBuildPhase section */

/* Begin PBXTargetDependency section */
		665996951A7652F300E7FDBD /* PBXTargetDependency */ = {
			isa = PBXTargetDependency;
			target = 665996791A7652F300E7FDBD /* AMPopMenu */;
			targetProxy = 665996941A7652F300E7FDBD /* PBXContainerItemProxy */;
		};
/* End PBXTargetDependency section */

/* Begin PBXVariantGroup section */
		665996871A7652F300E7FDBD /* Main.storyboard */ = {
			isa = PBXVariantGroup;
			children = (
				665996881A7652F300E7FDBD /* Base */,
			);
			name = Main.storyboard;
			sourceTree = "<group>";
		};
		6659968C1A7652F300E7FDBD /* LaunchScreen.xib */ = {
			isa = PBXVariantGroup;
			children = (
				6659968D1A7652F300E7FDBD /* Base */,
			);
			name = LaunchScreen.xib;
			sourceTree = "<group>";
		};
/* End PBXVariantGroup section */

/* Begin XCBuildConfiguration section */
		6659969B1A7652F300E7FDBD /* Debug */ = {
			isa = XCBuildConfiguration;
			buildSettings = {
				ALWAYS_SEARCH_USER_PATHS = NO;
				CLANG_CXX_LANGUAGE_STANDARD = "gnu++0x";
				CLANG_CXX_LIBRARY = "libc++";
				CLANG_ENABLE_MODULES = YES;
				CLANG_ENABLE_OBJC_ARC = YES;
				CLANG_WARN_BOOL_CONVERSION = YES;
				CLANG_WARN_CONSTANT_CONVERSION = YES;
				CLANG_WARN_DIRECT_OBJC_ISA_USAGE = YES_ERROR;
				CLANG_WARN_EMPTY_BODY = YES;
				CLANG_WARN_ENUM_CONVERSION = YES;
				CLANG_WARN_INT_CONVERSION = YES;
				CLANG_WARN_OBJC_ROOT_CLASS = YES_ERROR;
				CLANG_WARN_UNREACHABLE_CODE = YES;
				CLANG_WARN__DUPLICATE_METHOD_MATCH = YES;
				"CODE_SIGN_IDENTITY[sdk=iphoneos*]" = "iPhone Developer";
				COPY_PHASE_STRIP = NO;
				ENABLE_STRICT_OBJC_MSGSEND = YES;
				GCC_C_LANGUAGE_STANDARD = gnu99;
				GCC_DYNAMIC_NO_PIC = NO;
				GCC_OPTIMIZATION_LEVEL = 0;
				GCC_PREPROCESSOR_DEFINITIONS = (
					"DEBUG=1",
					"$(inherited)",
				);
				GCC_SYMBOLS_PRIVATE_EXTERN = NO;
				GCC_WARN_64_TO_32_BIT_CONVERSION = YES;
				GCC_WARN_ABOUT_RETURN_TYPE = YES_ERROR;
				GCC_WARN_UNDECLARED_SELECTOR = YES;
				GCC_WARN_UNINITIALIZED_AUTOS = YES_AGGRESSIVE;
				GCC_WARN_UNUSED_FUNCTION = YES;
				GCC_WARN_UNUSED_VARIABLE = YES;
				IPHONEOS_DEPLOYMENT_TARGET = 8.1;
				MTL_ENABLE_DEBUG_INFO = YES;
				ONLY_ACTIVE_ARCH = YES;
				SDKROOT = iphoneos;
			};
			name = Debug;
		};
		6659969C1A7652F300E7FDBD /* Release */ = {
			isa = XCBuildConfiguration;
			buildSettings = {
				ALWAYS_SEARCH_USER_PATHS = NO;
				CLANG_CXX_LANGUAGE_STANDARD = "gnu++0x";
				CLANG_CXX_LIBRARY = "libc++";
				CLANG_ENABLE_MODULES = YES;
				CLANG_ENABLE_OBJC_ARC = YES;
				CLANG_WARN_BOOL_CONVERSION = YES;
				CLANG_WARN_CONSTANT_CONVERSION = YES;
				CLANG_WARN_DIRECT_OBJC_ISA_USAGE = YES_ERROR;
				CLANG_WARN_EMPTY_BODY = YES;
				CLANG_WARN_ENUM_CONVERSION = YES;
				CLANG_WARN_INT_CONVERSION = YES;
				CLANG_WARN_OBJC_ROOT_CLASS = YES_ERROR;
				CLANG_WARN_UNREACHABLE_CODE = YES;
				CLANG_WARN__DUPLICATE_METHOD_MATCH = YES;
				"CODE_SIGN_IDENTITY[sdk=iphoneos*]" = "iPhone Developer";
				COPY_PHASE_STRIP = YES;
				ENABLE_NS_ASSERTIONS = NO;
				ENABLE_STRICT_OBJC_MSGSEND = YES;
				GCC_C_LANGUAGE_STANDARD = gnu99;
				GCC_WARN_64_TO_32_BIT_CONVERSION = YES;
				GCC_WARN_ABOUT_RETURN_TYPE = YES_ERROR;
				GCC_WARN_UNDECLARED_SELECTOR = YES;
				GCC_WARN_UNINITIALIZED_AUTOS = YES_AGGRESSIVE;
				GCC_WARN_UNUSED_FUNCTION = YES;
				GCC_WARN_UNUSED_VARIABLE = YES;
				IPHONEOS_DEPLOYMENT_TARGET = 8.1;
				MTL_ENABLE_DEBUG_INFO = NO;
				SDKROOT = iphoneos;
				VALIDATE_PRODUCT = YES;
			};
			name = Release;
		};
		6659969E1A7652F300E7FDBD /* Debug */ = {
			isa = XCBuildConfiguration;
			buildSettings = {
				ASSETCATALOG_COMPILER_APPICON_NAME = AppIcon;
				INFOPLIST_FILE = AMPopMenu/Info.plist;
				LD_RUNPATH_SEARCH_PATHS = "$(inherited) @executable_path/Frameworks";
				PRODUCT_NAME = "$(TARGET_NAME)";
			};
			name = Debug;
		};
		6659969F1A7652F300E7FDBD /* Release */ = {
			isa = XCBuildConfiguration;
			buildSettings = {
				ASSETCATALOG_COMPILER_APPICON_NAME = AppIcon;
				INFOPLIST_FILE = AMPopMenu/Info.plist;
				LD_RUNPATH_SEARCH_PATHS = "$(inherited) @executable_path/Frameworks";
				PRODUCT_NAME = "$(TARGET_NAME)";
			};
			name = Release;
		};
		665996A11A7652F300E7FDBD /* Debug */ = {
			isa = XCBuildConfiguration;
			buildSettings = {
				BUNDLE_LOADER = "$(TEST_HOST)";
				FRAMEWORK_SEARCH_PATHS = (
					"$(SDKROOT)/Developer/Library/Frameworks",
					"$(inherited)",
				);
				GCC_PREPROCESSOR_DEFINITIONS = (
					"DEBUG=1",
					"$(inherited)",
				);
				INFOPLIST_FILE = AMPopMenuTests/Info.plist;
				LD_RUNPATH_SEARCH_PATHS = "$(inherited) @executable_path/Frameworks @loader_path/Frameworks";
				PRODUCT_NAME = "$(TARGET_NAME)";
				TEST_HOST = "$(BUILT_PRODUCTS_DIR)/AMPopMenu.app/AMPopMenu";
			};
			name = Debug;
		};
		665996A21A7652F300E7FDBD /* Release */ = {
			isa = XCBuildConfiguration;
			buildSettings = {
				BUNDLE_LOADER = "$(TEST_HOST)";
				FRAMEWORK_SEARCH_PATHS = (
					"$(SDKROOT)/Developer/Library/Frameworks",
					"$(inherited)",
				);
				INFOPLIST_FILE = AMPopMenuTests/Info.plist;
				LD_RUNPATH_SEARCH_PATHS = "$(inherited) @executable_path/Frameworks @loader_path/Frameworks";
				PRODUCT_NAME = "$(TARGET_NAME)";
				TEST_HOST = "$(BUILT_PRODUCTS_DIR)/AMPopMenu.app/AMPopMenu";
			};
			name = Release;
		};
/* End XCBuildConfiguration section */

/* Begin XCConfigurationList section */
		665996751A7652F200E7FDBD /* Build configuration list for PBXProject "AMPopMenu" */ = {
			isa = XCConfigurationList;
			buildConfigurations = (
				6659969B1A7652F300E7FDBD /* Debug */,
				6659969C1A7652F300E7FDBD /* Release */,
			);
			defaultConfigurationIsVisible = 0;
			defaultConfigurationName = Release;
		};
		6659969D1A7652F300E7FDBD /* Build configuration list for PBXNativeTarget "AMPopMenu" */ = {
			isa = XCConfigurationList;
			buildConfigurations = (
				6659969E1A7652F300E7FDBD /* Debug */,
				6659969F1A7652F300E7FDBD /* Release */,
			);
			defaultConfigurationIsVisible = 0;
		};
		665996A01A7652F300E7FDBD /* Build configuration list for PBXNativeTarget "AMPopMenuTests" */ = {
			isa = XCConfigurationList;
			buildConfigurations = (
				665996A11A7652F300E7FDBD /* Debug */,
				665996A21A7652F300E7FDBD /* Release */,
			);
			defaultConfigurationIsVisible = 0;
		};
/* End XCConfigurationList section */
	};
	rootObject = 665996721A7652F200E7FDBD /* Project object */;
}
